Microsoft Visual Studio Solution File, Format Version 12.00
# Visual Studio Version 17
VisualStudioVersion = 17.5.2.0
MinimumVisualStudioVersion = 10.0.40219.1
Project("{2150E333-8FDC-42A3-9474-1A3956D46DE8}") = "back", "back", "{11BF4459-C332-B9BD-164A-F44681F2EC0B}"
EndProject
Project("{FAE04EC0-301F-11D3-BF4B-00C04F79EFBC}") = "LegalApi", "back\LegalApi\LegalApi.csproj", "{0D459796-D620-4A83-9C70-AC05DF5F5465}"
EndProject
Global
	GlobalSection(SolutionConfigurationPlatforms) = preSolution
		Debug|Any CPU = Debug|Any CPU
		Release|Any CPU = Release|Any CPU
	EndGlobalSection
	GlobalSection(ProjectConfigurationPlatforms) = postSolution
		{0D459796-D620-4A83-9C70-AC05DF5F5465}.Debug|Any CPU.ActiveCfg = Debug|Any CPU
		{0D459796-D620-4A83-9C70-AC05DF5F5465}.Debug|Any CPU.Build.0 = Debug|Any CPU
		{0D459796-D620-4A83-9C70-AC05DF5F5465}.Release|Any CPU.ActiveCfg = Release|Any CPU
		{0D459796-D620-4A83-9C70-AC05DF5F5465}.Release|Any CPU.Build.0 = Release|Any CPU
	EndGlobalSection
	GlobalSection(SolutionProperties) = preSolution
		HideSolutionNode = FALSE
	EndGlobalSection
	GlobalSection(NestedProjects) = preSolution
		{0D459796-D620-4A83-9C70-AC05DF5F5465} = {11BF4459-C332-B9BD-164A-F44681F2EC0B}
	EndGlobalSection
	GlobalSection(ExtensibilityGlobals) = postSolution
		SolutionGuid = {B38ABB0F-7298-48EE-89F9-B5C9583A44E5}
	EndGlobalSection
EndGlobal
